
Microsoft Visual Studio Solution File, Format Version 12.00
# Visual Studio Version 16
VisualStudioVersion = 16.0.30225.117
MinimumVisualStudioVersion = 10.0.40219.1
Project("{FAE04EC0-301F-11D3-BF4B-00C04F79EFBC}") = "ExportToVR2019", "ExportToVR2019\ExportToVR2019.csproj", "{7DD7912E-F2CB-4386-B167-F0B1AD134044}"
EndProject
Global
	GlobalSection(SolutionConfigurationPlatforms) = preSolution
		Debug|Any CPU = Debug|Any CPU
		Release|Any CPU = Release|Any CPU
	EndGlobalSection
	GlobalSection(ProjectConfigurationPlatforms) = postSolution
		{7DD7912E-F2CB-4386-B167-F0B1AD134044}.Debug|Any CPU.ActiveCfg = Debug|Any CPU
		{7DD7912E-F2CB-4386-B167-F0B1AD134044}.Debug|Any CPU.Build.0 = Debug|Any CPU
		{7DD7912E-F2CB-4386-B167-F0B1AD134044}.Release|Any CPU.ActiveCfg = Release|Any CPU
		{7DD7912E-F2CB-4386-B167-F0B1AD134044}.Release|Any CPU.Build.0 = Release|Any CPU
	EndGlobalSection
	GlobalSection(SolutionProperties) = preSolution
		HideSolutionNode = FALSE
	EndGlobalSection
	GlobalSection(ExtensibilityGlobals) = postSolution
		SolutionGuid = {C40AF0A1-9E8D-4A79-93FF-E476FF2C8892}
	EndGlobalSection
EndGlobal
